
Microsoft Visual Studio Solution File, Format Version 12.00
# Visual Studio 14
VisualStudioVersion = 14.0.25420.1
MinimumVisualStudioVersion = 10.0.40219.1
Project("{FAE04EC0-301F-11D3-BF4B-00C04F79EFBC}") = "UserStorage", "UserStorage\UserStorage.csproj", "{7C6E863A-AF22-4135-881D-1CCF504385BF}"
EndProject
Project("{FAE04EC0-301F-11D3-BF4B-00C04F79EFBC}") = "UserStorageTest", "UserStorageTest\UserStorageTest.csproj", "{B1A3E94B-40D6-4E36-ADB7-297F74855108}"
EndProject
Project("{FAE04EC0-301F-11D3-BF4B-00C04F79EFBC}") = "UserStorageConfiguration", "UserStorageConfiguration\UserStorageConfiguration.csproj", "{D995DAD8-A152-40E5-955A-BC96DA58D3E4}"
EndProject
Project("{FAE04EC0-301F-11D3-BF4B-00C04F79EFBC}") = "ClientApplication", "ClientApplication\ClientApplication.csproj", "{07BEEE03-0377-4CCB-B65E-028574555F82}"
	ProjectSection(ProjectDependencies) = postProject
		{521956E3-8856-4DBE-A6B3-6A3750FC24F1} = {521956E3-8856-4DBE-A6B3-6A3750FC24F1}
	EndProjectSection
EndProject
Project("{FAE04EC0-301F-11D3-BF4B-00C04F79EFBC}") = "WcfService", "WcfService\WcfService.csproj", "{521956E3-8856-4DBE-A6B3-6A3750FC24F1}"
EndProject
Project("{FAE04EC0-301F-11D3-BF4B-00C04F79EFBC}") = "ServerApplication", "ServerApplication\ServerApplication.csproj", "{7CC25E65-1E18-46D6-931B-9F464AE9FAF7}"
EndProject
Global
	GlobalSection(SolutionConfigurationPlatforms) = preSolution
		Debug|Any CPU = Debug|Any CPU
		Release|Any CPU = Release|Any CPU
	EndGlobalSection
	GlobalSection(ProjectConfigurationPlatforms) = postSolution
		{7C6E863A-AF22-4135-881D-1CCF504385BF}.Debug|Any CPU.ActiveCfg = Debug|Any CPU
		{7C6E863A-AF22-4135-881D-1CCF504385BF}.Debug|Any CPU.Build.0 = Debug|Any CPU
		{7C6E863A-AF22-4135-881D-1CCF504385BF}.Release|Any CPU.ActiveCfg = Release|Any CPU
		{7C6E863A-AF22-4135-881D-1CCF504385BF}.Release|Any CPU.Build.0 = Release|Any CPU
		{B1A3E94B-40D6-4E36-ADB7-297F74855108}.Debug|Any CPU.ActiveCfg = Debug|Any CPU
		{B1A3E94B-40D6-4E36-ADB7-297F74855108}.Debug|Any CPU.Build.0 = Debug|Any CPU
		{B1A3E94B-40D6-4E36-ADB7-297F74855108}.Release|Any CPU.ActiveCfg = Release|Any CPU
		{B1A3E94B-40D6-4E36-ADB7-297F74855108}.Release|Any CPU.Build.0 = Release|Any CPU
		{D995DAD8-A152-40E5-955A-BC96DA58D3E4}.Debug|Any CPU.ActiveCfg = Debug|Any CPU
		{D995DAD8-A152-40E5-955A-BC96DA58D3E4}.Debug|Any CPU.Build.0 = Debug|Any CPU
		{D995DAD8-A152-40E5-955A-BC96DA58D3E4}.Release|Any CPU.ActiveCfg = Release|Any CPU
		{D995DAD8-A152-40E5-955A-BC96DA58D3E4}.Release|Any CPU.Build.0 = Release|Any CPU
		{07BEEE03-0377-4CCB-B65E-028574555F82}.Debug|Any CPU.ActiveCfg = Debug|Any CPU
		{07BEEE03-0377-4CCB-B65E-028574555F82}.Debug|Any CPU.Build.0 = Debug|Any CPU
		{07BEEE03-0377-4CCB-B65E-028574555F82}.Release|Any CPU.ActiveCfg = Release|Any CPU
		{07BEEE03-0377-4CCB-B65E-028574555F82}.Release|Any CPU.Build.0 = Release|Any CPU
		{521956E3-8856-4DBE-A6B3-6A3750FC24F1}.Debug|Any CPU.ActiveCfg = Debug|Any CPU
		{521956E3-8856-4DBE-A6B3-6A3750FC24F1}.Debug|Any CPU.Build.0 = Debug|Any CPU
		{521956E3-8856-4DBE-A6B3-6A3750FC24F1}.Release|Any CPU.ActiveCfg = Release|Any CPU
		{521956E3-8856-4DBE-A6B3-6A3750FC24F1}.Release|Any CPU.Build.0 = Release|Any CPU
		{7CC25E65-1E18-46D6-931B-9F464AE9FAF7}.Debug|Any CPU.ActiveCfg = Debug|Any CPU
		{7CC25E65-1E18-46D6-931B-9F464AE9FAF7}.Debug|Any CPU.Build.0 = Debug|Any CPU
		{7CC25E65-1E18-46D6-931B-9F464AE9FAF7}.Release|Any CPU.ActiveCfg = Release|Any CPU
		{7CC25E65-1E18-46D6-931B-9F464AE9FAF7}.Release|Any CPU.Build.0 = Release|Any CPU
	EndGlobalSection
	GlobalSection(SolutionProperties) = preSolution
		HideSolutionNode = FALSE
	EndGlobalSection
EndGlobal
