
Microsoft Visual Studio Solution File, Format Version 12.00
# Visual Studio 14
VisualStudioVersion = 14.0.25420.1
MinimumVisualStudioVersion = 10.0.40219.1
Project("{FAE04EC0-301F-11D3-BF4B-00C04F79EFBC}") = "Fibbonachi", "Fibbonachi\Fibbonachi.csproj", "{4F0A3A97-9964-4526-9396-B51BF93B49BA}"
EndProject
Project("{FAE04EC0-301F-11D3-BF4B-00C04F79EFBC}") = "FibonacciTest", "FibonacciTest\FibonacciTest.csproj", "{23F6FFDC-56B2-437F-AFF6-EF6636E16D66}"
EndProject
Global
	GlobalSection(SolutionConfigurationPlatforms) = preSolution
		Debug|Any CPU = Debug|Any CPU
		Release|Any CPU = Release|Any CPU
	EndGlobalSection
	GlobalSection(ProjectConfigurationPlatforms) = postSolution
		{4F0A3A97-9964-4526-9396-B51BF93B49BA}.Debug|Any CPU.ActiveCfg = Debug|Any CPU
		{4F0A3A97-9964-4526-9396-B51BF93B49BA}.Debug|Any CPU.Build.0 = Debug|Any CPU
		{4F0A3A97-9964-4526-9396-B51BF93B49BA}.Release|Any CPU.ActiveCfg = Release|Any CPU
		{4F0A3A97-9964-4526-9396-B51BF93B49BA}.Release|Any CPU.Build.0 = Release|Any CPU
		{23F6FFDC-56B2-437F-AFF6-EF6636E16D66}.Debug|Any CPU.ActiveCfg = Debug|Any CPU
		{23F6FFDC-56B2-437F-AFF6-EF6636E16D66}.Debug|Any CPU.Build.0 = Debug|Any CPU
		{23F6FFDC-56B2-437F-AFF6-EF6636E16D66}.Release|Any CPU.ActiveCfg = Release|Any CPU
		{23F6FFDC-56B2-437F-AFF6-EF6636E16D66}.Release|Any CPU.Build.0 = Release|Any CPU
	EndGlobalSection
	GlobalSection(SolutionProperties) = preSolution
		HideSolutionNode = FALSE
	EndGlobalSection
EndGlobal
